
Microsoft Visual Studio Solution File, Format Version 12.00
# Visual Studio Version 16
VisualStudioVersion = 16.0.31410.357
MinimumVisualStudioVersion = 10.0.40219.1
Project("{FAE04EC0-301F-11D3-BF4B-00C04F79EFBC}") = "Store Manager", "Store Manager.csproj", "{81B23915-6608-4956-9BBC-4178DE216B01}"
EndProject
Global
	GlobalSection(SolutionConfigurationPlatforms) = preSolution
		Debug|Any CPU = Debug|Any CPU
		Release|Any CPU = Release|Any CPU
	EndGlobalSection
	GlobalSection(ProjectConfigurationPlatforms) = postSolution
		{81B23915-6608-4956-9BBC-4178DE216B01}.Debug|Any CPU.ActiveCfg = Debug|Any CPU
		{81B23915-6608-4956-9BBC-4178DE216B01}.Debug|Any CPU.Build.0 = Debug|Any CPU
		{81B23915-6608-4956-9BBC-4178DE216B01}.Release|Any CPU.ActiveCfg = Release|Any CPU
		{81B23915-6608-4956-9BBC-4178DE216B01}.Release|Any CPU.Build.0 = Release|Any CPU
	EndGlobalSection
	GlobalSection(SolutionProperties) = preSolution
		HideSolutionNode = FALSE
	EndGlobalSection
	GlobalSection(ExtensibilityGlobals) = postSolution
		SolutionGuid = {8DA1F270-00F8-403E-A07A-C6EBE109E069}
	EndGlobalSection
EndGlobal
